{
  "name": "compile-code",
  "version": "1.0.0",
  "lockfileVersion": 1,
  "requires": true,
  "dependencies": {
    "cuid": {
      "version": "2.1.6",
      "resolved": "https://registry.npmjs.org/cuid/-/cuid-2.1.6.tgz",
      "integrity": "sha512-ZFp7PS6cSYMJNch9fc3tyHdE4T8TDo3Y5qAxb0KSA9mpiYDo7z9ql1CznFuuzxea9STVIDy0tJWm2lYiX2ZU1Q=="
    }
  }
}
